
Microsoft Visual Studio Solution File, Format Version 12.00
# Visual Studio Version 17
VisualStudioVersion = 17.14.36414.22
MinimumVisualStudioVersion = 10.0.40219.1
Project("{FAE04EC0-301F-11D3-BF4B-00C04F79EFBC}") = "FinalProject_Mockup_Group2", "FinalProject_Mockup_Group2\FinalProject_Mockup_Group2.csproj", "{5E92016E-8F79-4D80-BC42-E69EB38FC024}"
EndProject
Project("{00D1A9C2-B5F0-4AF3-8072-F6C62B433612}") = "Dreamweavers.Database", "Dreamweavers.Database\Dreamweavers.Database.sqlproj", "{E3C2D2F1-EF73-4E70-94F6-4D6571EBE955}"
EndProject
Global
	GlobalSection(SolutionConfigurationPlatforms) = preSolution
		Debug|Any CPU = Debug|Any CPU
		Release|Any CPU = Release|Any CPU
	EndGlobalSection
	GlobalSection(ProjectConfigurationPlatforms) = postSolution
		{5E92016E-8F79-4D80-BC42-E69EB38FC024}.Debug|Any CPU.ActiveCfg = Debug|Any CPU
		{5E92016E-8F79-4D80-BC42-E69EB38FC024}.Debug|Any CPU.Build.0 = Debug|Any CPU
		{5E92016E-8F79-4D80-BC42-E69EB38FC024}.Release|Any CPU.ActiveCfg = Release|Any CPU
		{5E92016E-8F79-4D80-BC42-E69EB38FC024}.Release|Any CPU.Build.0 = Release|Any CPU
		{E3C2D2F1-EF73-4E70-94F6-4D6571EBE955}.Debug|Any CPU.ActiveCfg = Debug|Any CPU
		{E3C2D2F1-EF73-4E70-94F6-4D6571EBE955}.Debug|Any CPU.Build.0 = Debug|Any CPU
		{E3C2D2F1-EF73-4E70-94F6-4D6571EBE955}.Debug|Any CPU.Deploy.0 = Debug|Any CPU
		{E3C2D2F1-EF73-4E70-94F6-4D6571EBE955}.Release|Any CPU.ActiveCfg = Release|Any CPU
		{E3C2D2F1-EF73-4E70-94F6-4D6571EBE955}.Release|Any CPU.Build.0 = Release|Any CPU
		{E3C2D2F1-EF73-4E70-94F6-4D6571EBE955}.Release|Any CPU.Deploy.0 = Release|Any CPU
	EndGlobalSection
	GlobalSection(SolutionProperties) = preSolution
		HideSolutionNode = FALSE
	EndGlobalSection
	GlobalSection(ExtensibilityGlobals) = postSolution
		SolutionGuid = {47C4EBD5-3DD6-47C4-B6F8-D38DED0CC8DD}
	EndGlobalSection
EndGlobal
